
Microsoft Visual Studio Solution File, Format Version 12.00
# Visual Studio 15
VisualStudioVersion = 15.0.27703.2035
MinimumVisualStudioVersion = 10.0.40219.1
Project("{FAE04EC0-301F-11D3-BF4B-00C04F79EFBC}") = "SyncTaskScheduler.Console", "SyncTaskScheduler.Console.csproj", "{155F6101-5C5F-4DDC-83BA-8399E2BAF37D}"
EndProject
Project("{FAE04EC0-301F-11D3-BF4B-00C04F79EFBC}") = "SyncTaskScheduler.Implementation", "..\SyncTaskScheduler.Implementation\SyncTaskScheduler.Implementation.csproj", "{CDCB88AD-1ED4-44A8-8574-EBA0F24C5E7F}"
EndProject
Global
	GlobalSection(SolutionConfigurationPlatforms) = preSolution
		Debug|Any CPU = Debug|Any CPU
		Release|Any CPU = Release|Any CPU
	EndGlobalSection
	GlobalSection(ProjectConfigurationPlatforms) = postSolution
		{155F6101-5C5F-4DDC-83BA-8399E2BAF37D}.Debug|Any CPU.ActiveCfg = Debug|Any CPU
		{155F6101-5C5F-4DDC-83BA-8399E2BAF37D}.Debug|Any CPU.Build.0 = Debug|Any CPU
		{155F6101-5C5F-4DDC-83BA-8399E2BAF37D}.Release|Any CPU.ActiveCfg = Release|Any CPU
		{155F6101-5C5F-4DDC-83BA-8399E2BAF37D}.Release|Any CPU.Build.0 = Release|Any CPU
		{CDCB88AD-1ED4-44A8-8574-EBA0F24C5E7F}.Debug|Any CPU.ActiveCfg = Debug|Any CPU
		{CDCB88AD-1ED4-44A8-8574-EBA0F24C5E7F}.Debug|Any CPU.Build.0 = Debug|Any CPU
		{CDCB88AD-1ED4-44A8-8574-EBA0F24C5E7F}.Release|Any CPU.ActiveCfg = Release|Any CPU
		{CDCB88AD-1ED4-44A8-8574-EBA0F24C5E7F}.Release|Any CPU.Build.0 = Release|Any CPU
	EndGlobalSection
	GlobalSection(SolutionProperties) = preSolution
		HideSolutionNode = FALSE
	EndGlobalSection
	GlobalSection(ExtensibilityGlobals) = postSolution
		SolutionGuid = {BFB84F76-38F1-412F-88A0-304C2211A240}
	EndGlobalSection
EndGlobal
